// !$*UTF8*$!
{
	archiveVersion = 1;
	classes = {
	};
	objectVersion = 56;
	objects = {

/* Begin PBXBuildFile section */
		0100A21D2C79014600509ABC /* UserInfoModelProtocol.swift in Sources */ = {isa = PBXBuildFile; fileRef = 0100A21C2C79014600509ABC /* UserInfoModelProtocol.swift */; };
		0100A21F2C79016400509ABC /* UserInfoViewProtocol.swift in Sources */ = {isa = PBXBuildFile; fileRef = 0100A21E2C79016400509ABC /* UserInfoViewProtocol.swift */; };
		0100A2232C79019B00509ABC /* UserInfoPresenterProtocol.swift in Sources */ = {isa = PBXBuildFile; fileRef = 0100A2222C79019B00509ABC /* UserInfoPresenterProtocol.swift */; };
		0100A2252C79022300509ABC /* UserInfoModel.swift in Sources */ = {isa = PBXBuildFile; fileRef = 0100A2242C79022300509ABC /* UserInfoModel.swift */; };
		0100A2272C79023C00509ABC /* UserInfoViewController.swift in Sources */ = {isa = PBXBuildFile; fileRef = 0100A2262C79023C00509ABC /* UserInfoViewController.swift */; };
		0100A2292C79026200509ABC /* UserInfoPresenter.swift in Sources */ = {isa = PBXBuildFile; fileRef = 0100A2282C79026200509ABC /* UserInfoPresenter.swift */; };
		0100A22B2C79041300509ABC /* UserInfoView.swift in Sources */ = {isa = PBXBuildFile; fileRef = 0100A22A2C79041300509ABC /* UserInfoView.swift */; };
		01AEEC142C773FE000754E5E /* EnterEmailPresenterProtocol.swift in Sources */ = {isa = PBXBuildFile; fileRef = 01AEEC132C773FE000754E5E /* EnterEmailPresenterProtocol.swift */; };
		01AEEC162C773FF900754E5E /* EnterEmailViewProtocol.swift in Sources */ = {isa = PBXBuildFile; fileRef = 01AEEC152C773FF900754E5E /* EnterEmailViewProtocol.swift */; };
		01AEEC182C77402900754E5E /* EnterEmailModelProtocol.swift in Sources */ = {isa = PBXBuildFile; fileRef = 01AEEC172C77402900754E5E /* EnterEmailModelProtocol.swift */; };
		01AEEC1A2C77404800754E5E /* EnterEmailModel.swift in Sources */ = {isa = PBXBuildFile; fileRef = 01AEEC192C77404800754E5E /* EnterEmailModel.swift */; };
		01AEEC1C2C77406A00754E5E /* EnterEmailViewController.swift in Sources */ = {isa = PBXBuildFile; fileRef = 01AEEC1B2C77406A00754E5E /* EnterEmailViewController.swift */; };
		01AEEC1E2C7740AF00754E5E /* EnterEmailPresenter.swift in Sources */ = {isa = PBXBuildFile; fileRef = 01AEEC1D2C7740AF00754E5E /* EnterEmailPresenter.swift */; };
		01AEEC202C77413400754E5E /* EnterEmailView.swift in Sources */ = {isa = PBXBuildFile; fileRef = 01AEEC1F2C77413400754E5E /* EnterEmailView.swift */; };
		01AEEC272C774A8B00754E5E /* EnterPasswordPresenterProtocol.swift in Sources */ = {isa = PBXBuildFile; fileRef = 01AEEC262C774A8B00754E5E /* EnterPasswordPresenterProtocol.swift */; };
		01AEEC292C774A9B00754E5E /* EnterPasswordViewProtocol.swift in Sources */ = {isa = PBXBuildFile; fileRef = 01AEEC282C774A9B00754E5E /* EnterPasswordViewProtocol.swift */; };
		01AEEC2B2C774AA800754E5E /* EnterPasswordModelProtocol.swift in Sources */ = {isa = PBXBuildFile; fileRef = 01AEEC2A2C774AA800754E5E /* EnterPasswordModelProtocol.swift */; };
		01AEEC2D2C774AEC00754E5E /* EnterPasswordModel.swift in Sources */ = {isa = PBXBuildFile; fileRef = 01AEEC2C2C774AEC00754E5E /* EnterPasswordModel.swift */; };
		01AEEC312C774B0B00754E5E /* EnterPasswordViewController.swift in Sources */ = {isa = PBXBuildFile; fileRef = 01AEEC302C774B0B00754E5E /* EnterPasswordViewController.swift */; };
		01AEEC332C774B2F00754E5E /* EnterPasswordPresenter.swift in Sources */ = {isa = PBXBuildFile; fileRef = 01AEEC322C774B2F00754E5E /* EnterPasswordPresenter.swift */; };
		01AEEC352C774BCC00754E5E /* EnterPasswordView.swift in Sources */ = {isa = PBXBuildFile; fileRef = 01AEEC342C774BCC00754E5E /* EnterPasswordView.swift */; };
		01AEEC372C77897100754E5E /* String+Extension.swift in Sources */ = {isa = PBXBuildFile; fileRef = 01AEEC362C77897100754E5E /* String+Extension.swift */; };
		01B7EA972C6F3D42006E048F /* AppDelegate.swift in Sources */ = {isa = PBXBuildFile; fileRef = 01B7EA962C6F3D42006E048F /* AppDelegate.swift */; };
		01B7EA992C6F3D42006E048F /* SceneDelegate.swift in Sources */ = {isa = PBXBuildFile; fileRef = 01B7EA982C6F3D42006E048F /* SceneDelegate.swift */; };
		01B7EAA02C6F3D44006E048F /* Assets.xcassets in Resources */ = {isa = PBXBuildFile; fileRef = 01B7EA9F2C6F3D44006E048F /* Assets.xcassets */; };
		01B7EAA32C6F3D44006E048F /* Base in Resources */ = {isa = PBXBuildFile; fileRef = 01B7EAA22C6F3D44006E048F /* Base */; };
		01B7EAB32C6F459F006E048F /* AppCoordinator.swift in Sources */ = {isa = PBXBuildFile; fileRef = 01B7EAB22C6F459F006E048F /* AppCoordinator.swift */; };
		01B7EAB52C6F4617006E048F /* CoordinatorProtocol.swift in Sources */ = {isa = PBXBuildFile; fileRef = 01B7EAB42C6F4617006E048F /* CoordinatorProtocol.swift */; };
		01B7EABC2C6F4914006E048F /* CoordinatorFactory.swift in Sources */ = {isa = PBXBuildFile; fileRef = 01B7EABB2C6F4914006E048F /* CoordinatorFactory.swift */; };
		01B7EABE2C6F4A2A006E048F /* SplashCoordinator.swift in Sources */ = {isa = PBXBuildFile; fileRef = 01B7EABD2C6F4A2A006E048F /* SplashCoordinator.swift */; };
		01B7EAC42C6F4C74006E048F /* SplashViewController.swift in Sources */ = {isa = PBXBuildFile; fileRef = 01B7EAC32C6F4C74006E048F /* SplashViewController.swift */; };
		01B7EAC62C6F4CC7006E048F /* SplashPresenter.swift in Sources */ = {isa = PBXBuildFile; fileRef = 01B7EAC52C6F4CC7006E048F /* SplashPresenter.swift */; };
		01B7EACB2C6F4DD8006E048F /* ModuleFactory.swift in Sources */ = {isa = PBXBuildFile; fileRef = 01B7EACA2C6F4DD8006E048F /* ModuleFactory.swift */; };
		01B7EACD2C6F52AA006E048F /* AppCoordinatorProtocol.swift in Sources */ = {isa = PBXBuildFile; fileRef = 01B7EACC2C6F52AA006E048F /* AppCoordinatorProtocol.swift */; };
		01B7EAD22C6F5428006E048F /* SplashViewProtocol.swift in Sources */ = {isa = PBXBuildFile; fileRef = 01B7EAD12C6F5428006E048F /* SplashViewProtocol.swift */; };
		01B7EAD42C6F544B006E048F /* SplashPresenterProtocol.swift in Sources */ = {isa = PBXBuildFile; fileRef = 01B7EAD32C6F544B006E048F /* SplashPresenterProtocol.swift */; };
		01B7EADA2C6F5F09006E048F /* Splash.json in Resources */ = {isa = PBXBuildFile; fileRef = 01B7EAD92C6F5F09006E048F /* Splash.json */; };
		01B7EADD2C6F6059006E048F /* Lottie in Frameworks */ = {isa = PBXBuildFile; productRef = 01B7EADC2C6F6059006E048F /* Lottie */; };
		01B7EADF2C6F6642006E048F /* FlowModuleProtocol.swift in Sources */ = {isa = PBXBuildFile; fileRef = 01B7EADE2C6F6642006E048F /* FlowModuleProtocol.swift */; };
		01B7EAE12C6F6D43006E048F /* AuthCoordinator.swift in Sources */ = {isa = PBXBuildFile; fileRef = 01B7EAE02C6F6D43006E048F /* AuthCoordinator.swift */; };
		01B7EAE92C71F992006E048F /* AuthPresenterProtocol.swift in Sources */ = {isa = PBXBuildFile; fileRef = 01B7EAE82C71F992006E048F /* AuthPresenterProtocol.swift */; };
		01B7EAEB2C71F99D006E048F /* AuthViewProtocol.swift in Sources */ = {isa = PBXBuildFile; fileRef = 01B7EAEA2C71F99D006E048F /* AuthViewProtocol.swift */; };
		01B7EAF12C71FA37006E048F /* AuthViewController.swift in Sources */ = {isa = PBXBuildFile; fileRef = 01B7EAF02C71FA37006E048F /* AuthViewController.swift */; };
		01B7EAF32C71FA83006E048F /* AuthPresenter.swift in Sources */ = {isa = PBXBuildFile; fileRef = 01B7EAF22C71FA83006E048F /* AuthPresenter.swift */; };
		01B7EAF62C738137006E048F /* UIColor+Extension.swift in Sources */ = {isa = PBXBuildFile; fileRef = 01B7EAF52C738137006E048F /* UIColor+Extension.swift */; };
		01B7EAF82C738512006E048F /* AppColor.swift in Sources */ = {isa = PBXBuildFile; fileRef = 01B7EAF72C738512006E048F /* AppColor.swift */; };
		01B7EAFD2C738CE7006E048F /* AuthView.swift in Sources */ = {isa = PBXBuildFile; fileRef = 01B7EAFC2C738CE7006E048F /* AuthView.swift */; };
		01B7EB002C73BD6A006E048F /* AuthButton.swift in Sources */ = {isa = PBXBuildFile; fileRef = 01B7EAFF2C73BD6A006E048F /* AuthButton.swift */; };
		01B7EB072C73C2A6006E048F /* LoginPresenterProtocol.swift in Sources */ = {isa = PBXBuildFile; fileRef = 01B7EB062C73C2A6006E048F /* LoginPresenterProtocol.swift */; };
		01B7EB092C73C338006E048F /* LoginViewProtocol.swift in Sources */ = {isa = PBXBuildFile; fileRef = 01B7EB082C73C338006E048F /* LoginViewProtocol.swift */; };
		01B7EB0B2C73C378006E048F /* LoginModelProtocol.swift in Sources */ = {isa = PBXBuildFile; fileRef = 01B7EB0A2C73C378006E048F /* LoginModelProtocol.swift */; };
		01B7EB0D2C73C388006E048F /* LoginModel.swift in Sources */ = {isa = PBXBuildFile; fileRef = 01B7EB0C2C73C388006E048F /* LoginModel.swift */; };
		01B7EB0F2C73C3BC006E048F /* LoginViewController.swift in Sources */ = {isa = PBXBuildFile; fileRef = 01B7EB0E2C73C3BC006E048F /* LoginViewController.swift */; };
		01B7EB112C73C3E5006E048F /* LoginPresenter.swift in Sources */ = {isa = PBXBuildFile; fileRef = 01B7EB102C73C3E5006E048F /* LoginPresenter.swift */; };
		01B7EB132C73C64A006E048F /* LoginView.swift in Sources */ = {isa = PBXBuildFile; fileRef = 01B7EB122C73C64A006E048F /* LoginView.swift */; };
		01B7EB162C73C918006E048F /* ViewBuilder.swift in Sources */ = {isa = PBXBuildFile; fileRef = 01B7EB152C73C918006E048F /* ViewBuilder.swift */; };
		01B7EB182C73CD83006E048F /* AppImage.swift in Sources */ = {isa = PBXBuildFile; fileRef = 01B7EB172C73CD83006E048F /* AppImage.swift */; };
/* End PBXBuildFile section */

/* Begin PBXFileReference section */
		0100A21C2C79014600509ABC /* UserInfoModelProtocol.swift */ = {isa = PBXFileReference; lastKnownFileType = sourcecode.swift; path = UserInfoModelProtocol.swift; sourceTree = "<group>"; };
		0100A21E2C79016400509ABC /* UserInfoViewProtocol.swift */ = {isa = PBXFileReference; lastKnownFileType = sourcecode.swift; path = UserInfoViewProtocol.swift; sourceTree = "<group>"; };
		0100A2222C79019B00509ABC /* UserInfoPresenterProtocol.swift */ = {isa = PBXFileReference; lastKnownFileType = sourcecode.swift; path = UserInfoPresenterProtocol.swift; sourceTree = "<group>"; };
		0100A2242C79022300509ABC /* UserInfoModel.swift */ = {isa = PBXFileReference; lastKnownFileType = sourcecode.swift; path = UserInfoModel.swift; sourceTree = "<group>"; };
		0100A2262C79023C00509ABC /* UserInfoViewController.swift */ = {isa = PBXFileReference; lastKnownFileType = sourcecode.swift; path = UserInfoViewController.swift; sourceTree = "<group>"; };
		0100A2282C79026200509ABC /* UserInfoPresenter.swift */ = {isa = PBXFileReference; lastKnownFileType = sourcecode.swift; path = UserInfoPresenter.swift; sourceTree = "<group>"; };
		0100A22A2C79041300509ABC /* UserInfoView.swift */ = {isa = PBXFileReference; lastKnownFileType = sourcecode.swift; path = UserInfoView.swift; sourceTree = "<group>"; };
		01AEEC132C773FE000754E5E /* EnterEmailPresenterProtocol.swift */ = {isa = PBXFileReference; lastKnownFileType = sourcecode.swift; path = EnterEmailPresenterProtocol.swift; sourceTree = "<group>"; };
		01AEEC152C773FF900754E5E /* EnterEmailViewProtocol.swift */ = {isa = PBXFileReference; lastKnownFileType = sourcecode.swift; path = EnterEmailViewProtocol.swift; sourceTree = "<group>"; };
		01AEEC172C77402900754E5E /* EnterEmailModelProtocol.swift */ = {isa = PBXFileReference; lastKnownFileType = sourcecode.swift; path = EnterEmailModelProtocol.swift; sourceTree = "<group>"; };
		01AEEC192C77404800754E5E /* EnterEmailModel.swift */ = {isa = PBXFileReference; lastKnownFileType = sourcecode.swift; path = EnterEmailModel.swift; sourceTree = "<group>"; };
		01AEEC1B2C77406A00754E5E /* EnterEmailViewController.swift */ = {isa = PBXFileReference; lastKnownFileType = sourcecode.swift; path = EnterEmailViewController.swift; sourceTree = "<group>"; };
		01AEEC1D2C7740AF00754E5E /* EnterEmailPresenter.swift */ = {isa = PBXFileReference; lastKnownFileType = sourcecode.swift; path = EnterEmailPresenter.swift; sourceTree = "<group>"; };
		01AEEC1F2C77413400754E5E /* EnterEmailView.swift */ = {isa = PBXFileReference; lastKnownFileType = sourcecode.swift; path = EnterEmailView.swift; sourceTree = "<group>"; };
		01AEEC262C774A8B00754E5E /* EnterPasswordPresenterProtocol.swift */ = {isa = PBXFileReference; lastKnownFileType = sourcecode.swift; path = EnterPasswordPresenterProtocol.swift; sourceTree = "<group>"; };
		01AEEC282C774A9B00754E5E /* EnterPasswordViewProtocol.swift */ = {isa = PBXFileReference; lastKnownFileType = sourcecode.swift; path = EnterPasswordViewProtocol.swift; sourceTree = "<group>"; };
		01AEEC2A2C774AA800754E5E /* EnterPasswordModelProtocol.swift */ = {isa = PBXFileReference; lastKnownFileType = sourcecode.swift; path = EnterPasswordModelProtocol.swift; sourceTree = "<group>"; };
		01AEEC2C2C774AEC00754E5E /* EnterPasswordModel.swift */ = {isa = PBXFileReference; lastKnownFileType = sourcecode.swift; path = EnterPasswordModel.swift; sourceTree = "<group>"; };
		01AEEC302C774B0B00754E5E /* EnterPasswordViewController.swift */ = {isa = PBXFileReference; lastKnownFileType = sourcecode.swift; path = EnterPasswordViewController.swift; sourceTree = "<group>"; };
		01AEEC322C774B2F00754E5E /* EnterPasswordPresenter.swift */ = {isa = PBXFileReference; lastKnownFileType = sourcecode.swift; path = EnterPasswordPresenter.swift; sourceTree = "<group>"; };
		01AEEC342C774BCC00754E5E /* EnterPasswordView.swift */ = {isa = PBXFileReference; lastKnownFileType = sourcecode.swift; path = EnterPasswordView.swift; sourceTree = "<group>"; };
		01AEEC362C77897100754E5E /* String+Extension.swift */ = {isa = PBXFileReference; lastKnownFileType = sourcecode.swift; path = "String+Extension.swift"; sourceTree = "<group>"; };
		01B7EA932C6F3D42006E048F /* Messager.app */ = {isa = PBXFileReference; explicitFileType = wrapper.application; includeInIndex = 0; path = Messager.app; sourceTree = BUILT_PRODUCTS_DIR; };
		01B7EA962C6F3D42006E048F /* AppDelegate.swift */ = {isa = PBXFileReference; lastKnownFileType = sourcecode.swift; path = AppDelegate.swift; sourceTree = "<group>"; };
		01B7EA982C6F3D42006E048F /* SceneDelegate.swift */ = {isa = PBXFileReference; lastKnownFileType = sourcecode.swift; path = SceneDelegate.swift; sourceTree = "<group>"; };
		01B7EA9F2C6F3D44006E048F /* Assets.xcassets */ = {isa = PBXFileReference; lastKnownFileType = folder.assetcatalog; path = Assets.xcassets; sourceTree = "<group>"; };
		01B7EAA22C6F3D44006E048F /* Base */ = {isa = PBXFileReference; lastKnownFileType = file.storyboard; name = Base; path = Base.lproj/LaunchScreen.storyboard; sourceTree = "<group>"; };
		01B7EAA42C6F3D44006E048F /* Info.plist */ = {isa = PBXFileReference; lastKnownFileType = text.plist.xml; path = Info.plist; sourceTree = "<group>"; };
		01B7EAB22C6F459F006E048F /* AppCoordinator.swift */ = {isa = PBXFileReference; lastKnownFileType = sourcecode.swift; path = AppCoordinator.swift; sourceTree = "<group>"; };
		01B7EAB42C6F4617006E048F /* CoordinatorProtocol.swift */ = {isa = PBXFileReference; lastKnownFileType = sourcecode.swift; path = CoordinatorProtocol.swift; sourceTree = "<group>"; };
		01B7EABB2C6F4914006E048F /* CoordinatorFactory.swift */ = {isa = PBXFileReference; lastKnownFileType = sourcecode.swift; path = CoordinatorFactory.swift; sourceTree = "<group>"; };
		01B7EABD2C6F4A2A006E048F /* SplashCoordinator.swift */ = {isa = PBXFileReference; lastKnownFileType = sourcecode.swift; path = SplashCoordinator.swift; sourceTree = "<group>"; };
		01B7EAC32C6F4C74006E048F /* SplashViewController.swift */ = {isa = PBXFileReference; lastKnownFileType = sourcecode.swift; path = SplashViewController.swift; sourceTree = "<group>"; };
		01B7EAC52C6F4CC7006E048F /* SplashPresenter.swift */ = {isa = PBXFileReference; lastKnownFileType = sourcecode.swift; path = SplashPresenter.swift; sourceTree = "<group>"; };
		01B7EACA2C6F4DD8006E048F /* ModuleFactory.swift */ = {isa = PBXFileReference; lastKnownFileType = sourcecode.swift; path = ModuleFactory.swift; sourceTree = "<group>"; };
		01B7EACC2C6F52AA006E048F /* AppCoordinatorProtocol.swift */ = {isa = PBXFileReference; lastKnownFileType = sourcecode.swift; path = AppCoordinatorProtocol.swift; sourceTree = "<group>"; };
		01B7EAD12C6F5428006E048F /* SplashViewProtocol.swift */ = {isa = PBXFileReference; lastKnownFileType = sourcecode.swift; path = SplashViewProtocol.swift; sourceTree = "<group>"; };
		01B7EAD32C6F544B006E048F /* SplashPresenterProtocol.swift */ = {isa = PBXFileReference; lastKnownFileType = sourcecode.swift; path = SplashPresenterProtocol.swift; sourceTree = "<group>"; };
		01B7EAD92C6F5F09006E048F /* Splash.json */ = {isa = PBXFileReference; fileEncoding = 4; lastKnownFileType = text.json; path = Splash.json; sourceTree = "<group>"; };
		01B7EADE2C6F6642006E048F /* FlowModuleProtocol.swift */ = {isa = PBXFileReference; lastKnownFileType = sourcecode.swift; path = FlowModuleProtocol.swift; sourceTree = "<group>"; };
		01B7EAE02C6F6D43006E048F /* AuthCoordinator.swift */ = {isa = PBXFileReference; lastKnownFileType = sourcecode.swift; path = AuthCoordinator.swift; sourceTree = "<group>"; };
		01B7EAE82C71F992006E048F /* AuthPresenterProtocol.swift */ = {isa = PBXFileReference; lastKnownFileType = sourcecode.swift; path = AuthPresenterProtocol.swift; sourceTree = "<group>"; };
		01B7EAEA2C71F99D006E048F /* AuthViewProtocol.swift */ = {isa = PBXFileReference; lastKnownFileType = sourcecode.swift; path = AuthViewProtocol.swift; sourceTree = "<group>"; };
		01B7EAF02C71FA37006E048F /* AuthViewController.swift */ = {isa = PBXFileReference; lastKnownFileType = sourcecode.swift; path = AuthViewController.swift; sourceTree = "<group>"; };
		01B7EAF22C71FA83006E048F /* AuthPresenter.swift */ = {isa = PBXFileReference; lastKnownFileType = sourcecode.swift; path = AuthPresenter.swift; sourceTree = "<group>"; };
		01B7EAF52C738137006E048F /* UIColor+Extension.swift */ = {isa = PBXFileReference; lastKnownFileType = sourcecode.swift; path = "UIColor+Extension.swift"; sourceTree = "<group>"; };
		01B7EAF72C738512006E048F /* AppColor.swift */ = {isa = PBXFileReference; lastKnownFileType = sourcecode.swift; path = AppColor.swift; sourceTree = "<group>"; };
		01B7EAFC2C738CE7006E048F /* AuthView.swift */ = {isa = PBXFileReference; lastKnownFileType = sourcecode.swift; path = AuthView.swift; sourceTree = "<group>"; };
		01B7EAFF2C73BD6A006E048F /* AuthButton.swift */ = {isa = PBXFileReference; lastKnownFileType = sourcecode.swift; path = AuthButton.swift; sourceTree = "<group>"; };
		01B7EB062C73C2A6006E048F /* LoginPresenterProtocol.swift */ = {isa = PBXFileReference; lastKnownFileType = sourcecode.swift; path = LoginPresenterProtocol.swift; sourceTree = "<group>"; };
		01B7EB082C73C338006E048F /* LoginViewProtocol.swift */ = {isa = PBXFileReference; lastKnownFileType = sourcecode.swift; path = LoginViewProtocol.swift; sourceTree = "<group>"; };
		01B7EB0A2C73C378006E048F /* LoginModelProtocol.swift */ = {isa = PBXFileReference; lastKnownFileType = sourcecode.swift; path = LoginModelProtocol.swift; sourceTree = "<group>"; };
		01B7EB0C2C73C388006E048F /* LoginModel.swift */ = {isa = PBXFileReference; lastKnownFileType = sourcecode.swift; path = LoginModel.swift; sourceTree = "<group>"; };
		01B7EB0E2C73C3BC006E048F /* LoginViewController.swift */ = {isa = PBXFileReference; lastKnownFileType = sourcecode.swift; path = LoginViewController.swift; sourceTree = "<group>"; };
		01B7EB102C73C3E5006E048F /* LoginPresenter.swift */ = {isa = PBXFileReference; lastKnownFileType = sourcecode.swift; path = LoginPresenter.swift; sourceTree = "<group>"; };
		01B7EB122C73C64A006E048F /* LoginView.swift */ = {isa = PBXFileReference; lastKnownFileType = sourcecode.swift; path = LoginView.swift; sourceTree = "<group>"; };
		01B7EB152C73C918006E048F /* ViewBuilder.swift */ = {isa = PBXFileReference; lastKnownFileType = sourcecode.swift; path = ViewBuilder.swift; sourceTree = "<group>"; };
		01B7EB172C73CD83006E048F /* AppImage.swift */ = {isa = PBXFileReference; lastKnownFileType = sourcecode.swift; path = AppImage.swift; sourceTree = "<group>"; };
/* End PBXFileReference section */

/* Begin PBXFrameworksBuildPhase section */
		01B7EA902C6F3D42006E048F /* Frameworks */ = {
			isa = PBXFrameworksBuildPhase;
			buildActionMask = 2147483647;
			files = (
				01B7EADD2C6F6059006E048F /* Lottie in Frameworks */,
			);
			runOnlyForDeploymentPostprocessing = 0;
		};
/* End PBXFrameworksBuildPhase section */

/* Begin PBXGroup section */
		0100A2172C7900A600509ABC /* UserInfo */ = {
			isa = PBXGroup;
			children = (
				0100A21B2C7900F000509ABC /* Protocol */,
				0100A21A2C7900EC00509ABC /* Model */,
				0100A2192C7900E300509ABC /* View */,
				0100A2182C7900DB00509ABC /* Presenter */,
			);
			path = UserInfo;
			sourceTree = "<group>";
		};
		0100A2182C7900DB00509ABC /* Presenter */ = {
			isa = PBXGroup;
			children = (
				0100A2282C79026200509ABC /* UserInfoPresenter.swift */,
			);
			path = Presenter;
			sourceTree = "<group>";
		};
		0100A2192C7900E300509ABC /* View */ = {
			isa = PBXGroup;
			children = (
				0100A2262C79023C00509ABC /* UserInfoViewController.swift */,
				0100A22A2C79041300509ABC /* UserInfoView.swift */,
			);
			path = View;
			sourceTree = "<group>";
		};
		0100A21A2C7900EC00509ABC /* Model */ = {
			isa = PBXGroup;
			children = (
				0100A2242C79022300509ABC /* UserInfoModel.swift */,
			);
			path = Model;
			sourceTree = "<group>";
		};
		0100A21B2C7900F000509ABC /* Protocol */ = {
			isa = PBXGroup;
			children = (
				0100A21C2C79014600509ABC /* UserInfoModelProtocol.swift */,
				0100A21E2C79016400509ABC /* UserInfoViewProtocol.swift */,
				0100A2222C79019B00509ABC /* UserInfoPresenterProtocol.swift */,
			);
			path = Protocol;
			sourceTree = "<group>";
		};
		01AEEC122C773FAA00754E5E /* EnterEmail */ = {
			isa = PBXGroup;
			children = (
				01B7EB1D2C7506A3006E048F /* Protocol */,
				01B7EB1C2C75069F006E048F /* Model */,
				01B7EB1B2C75069B006E048F /* View */,
				01B7EB1A2C750694006E048F /* Presenter */,
			);
			path = EnterEmail;
			sourceTree = "<group>";
		};
		01AEEC212C774A2600754E5E /* EnterPassword */ = {
			isa = PBXGroup;
			children = (
				01AEEC252C774A5700754E5E /* Protocol */,
				01AEEC242C774A5200754E5E /* Model */,
				01AEEC232C774A4B00754E5E /* View */,
				01AEEC222C774A4600754E5E /* Presenter */,
			);
			path = EnterPassword;
			sourceTree = "<group>";
		};
		01AEEC222C774A4600754E5E /* Presenter */ = {
			isa = PBXGroup;
			children = (
				01AEEC322C774B2F00754E5E /* EnterPasswordPresenter.swift */,
			);
			path = Presenter;
			sourceTree = "<group>";
		};
		01AEEC232C774A4B00754E5E /* View */ = {
			isa = PBXGroup;
			children = (
				01AEEC302C774B0B00754E5E /* EnterPasswordViewController.swift */,
				01AEEC342C774BCC00754E5E /* EnterPasswordView.swift */,
			);
			path = View;
			sourceTree = "<group>";
		};
		01AEEC242C774A5200754E5E /* Model */ = {
			isa = PBXGroup;
			children = (
				01AEEC2C2C774AEC00754E5E /* EnterPasswordModel.swift */,
			);
			path = Model;
			sourceTree = "<group>";
		};
		01AEEC252C774A5700754E5E /* Protocol */ = {
			isa = PBXGroup;
			children = (
				01AEEC2A2C774AA800754E5E /* EnterPasswordModelProtocol.swift */,
				01AEEC282C774A9B00754E5E /* EnterPasswordViewProtocol.swift */,
				01AEEC262C774A8B00754E5E /* EnterPasswordPresenterProtocol.swift */,
			);
			path = Protocol;
			sourceTree = "<group>";
		};
		01B7EA8A2C6F3D42006E048F = {
			isa = PBXGroup;
			children = (
				01B7EA952C6F3D42006E048F /* Messager */,
				01B7EA942C6F3D42006E048F /* Products */,
			);
			sourceTree = "<group>";
		};
		01B7EA942C6F3D42006E048F /* Products */ = {
			isa = PBXGroup;
			children = (
				01B7EA932C6F3D42006E048F /* Messager.app */,
			);
			name = Products;
			sourceTree = "<group>";
		};
		01B7EA952C6F3D42006E048F /* Messager */ = {
			isa = PBXGroup;
			children = (
				01B7EAAA2C6F3D78006E048F /* Application */,
				01B7EAAB2C6F3D82006E048F /* Resource */,
				01B7EAF42C738112006E048F /* Extension */,
				01B7EAFE2C73BD45006E048F /* Healper */,
				01B7EAB02C6F4552006E048F /* Models */,
				01B7EAAC2C6F452C006E048F /* Base */,
				01B7EAAF2C6F4546006E048F /* Factories */,
				01B7EAAD2C6F4532006E048F /* Coordinators */,
				01B7EB142C73C8F5006E048F /* Builder */,
				01B7EAB12C6F455C006E048F /* Modules */,
			);
			path = Messager;
			sourceTree = "<group>";
		};
		01B7EAAA2C6F3D78006E048F /* Application */ = {
			isa = PBXGroup;
			children = (
				01B7EA962C6F3D42006E048F /* AppDelegate.swift */,
				01B7EA982C6F3D42006E048F /* SceneDelegate.swift */,
			);
			path = Application;
			sourceTree = "<group>";
		};
		01B7EAAB2C6F3D82006E048F /* Resource */ = {
			isa = PBXGroup;
			children = (
				01B7EA9F2C6F3D44006E048F /* Assets.xcassets */,
				01B7EAA12C6F3D44006E048F /* LaunchScreen.storyboard */,
				01B7EAA42C6F3D44006E048F /* Info.plist */,
				01B7EAD92C6F5F09006E048F /* Splash.json */,
			);
			path = Resource;
			sourceTree = "<group>";
		};
		01B7EAAC2C6F452C006E048F /* Base */ = {
			isa = PBXGroup;
			children = (
				01B7EACC2C6F52AA006E048F /* AppCoordinatorProtocol.swift */,
				01B7EAB42C6F4617006E048F /* CoordinatorProtocol.swift */,
				01B7EADE2C6F6642006E048F /* FlowModuleProtocol.swift */,
			);
			path = Base;
			sourceTree = "<group>";
		};
		01B7EAAD2C6F4532006E048F /* Coordinators */ = {
			isa = PBXGroup;
			children = (
				01B7EAB22C6F459F006E048F /* AppCoordinator.swift */,
				01B7EABD2C6F4A2A006E048F /* SplashCoordinator.swift */,
				01B7EAE02C6F6D43006E048F /* AuthCoordinator.swift */,
			);
			path = Coordinators;
			sourceTree = "<group>";
		};
		01B7EAAF2C6F4546006E048F /* Factories */ = {
			isa = PBXGroup;
			children = (
				01B7EABA2C6F4902006E048F /* Coordinator */,
				01B7EAC92C6F4DBE006E048F /* Module */,
			);
			path = Factories;
			sourceTree = "<group>";
		};
		01B7EAB02C6F4552006E048F /* Models */ = {
			isa = PBXGroup;
			children = (
			);
			path = Models;
			sourceTree = "<group>";
		};
		01B7EAB12C6F455C006E048F /* Modules */ = {
			isa = PBXGroup;
			children = (
				01B7EABF2C6F4B29006E048F /* Splash */,
				01B7EAE32C71F867006E048F /* Auth */,
				01B7EB012C73C10A006E048F /* Login */,
				01B7EB192C750674006E048F /* Registartion */,
			);
			path = Modules;
			sourceTree = "<group>";
		};
		01B7EABA2C6F4902006E048F /* Coordinator */ = {
			isa = PBXGroup;
			children = (
				01B7EABB2C6F4914006E048F /* CoordinatorFactory.swift */,
			);
			path = Coordinator;
			sourceTree = "<group>";
		};
		01B7EABF2C6F4B29006E048F /* Splash */ = {
			isa = PBXGroup;
			children = (
				01B7EACE2C6F53EF006E048F /* Protocols */,
				01B7EAC12C6F4C51006E048F /* View */,
				01B7EAC22C6F4C5A006E048F /* Presenter */,
			);
			path = Splash;
			sourceTree = "<group>";
		};
		01B7EAC12C6F4C51006E048F /* View */ = {
			isa = PBXGroup;
			children = (
				01B7EAC32C6F4C74006E048F /* SplashViewController.swift */,
			);
			path = View;
			sourceTree = "<group>";
		};
		01B7EAC22C6F4C5A006E048F /* Presenter */ = {
			isa = PBXGroup;
			children = (
				01B7EAC52C6F4CC7006E048F /* SplashPresenter.swift */,
			);
			path = Presenter;
			sourceTree = "<group>";
		};
		01B7EAC92C6F4DBE006E048F /* Module */ = {
			isa = PBXGroup;
			children = (
				01B7EACA2C6F4DD8006E048F /* ModuleFactory.swift */,
			);
			path = Module;
			sourceTree = "<group>";
		};
		01B7EACE2C6F53EF006E048F /* Protocols */ = {
			isa = PBXGroup;
			children = (
				01B7EAD12C6F5428006E048F /* SplashViewProtocol.swift */,
				01B7EAD32C6F544B006E048F /* SplashPresenterProtocol.swift */,
			);
			path = Protocols;
			sourceTree = "<group>";
		};
		01B7EAE32C71F867006E048F /* Auth */ = {
			isa = PBXGroup;
			children = (
				01B7EAE72C71F917006E048F /* Protocol */,
				01B7EAE52C71F907006E048F /* View */,
				01B7EAE42C71F901006E048F /* Presenter */,
			);
			path = Auth;
			sourceTree = "<group>";
		};
		01B7EAE42C71F901006E048F /* Presenter */ = {
			isa = PBXGroup;
			children = (
				01B7EAF22C71FA83006E048F /* AuthPresenter.swift */,
			);
			path = Presenter;
			sourceTree = "<group>";
		};
		01B7EAE52C71F907006E048F /* View */ = {
			isa = PBXGroup;
			children = (
				01B7EAF02C71FA37006E048F /* AuthViewController.swift */,
				01B7EAFC2C738CE7006E048F /* AuthView.swift */,
			);
			path = View;
			sourceTree = "<group>";
		};
		01B7EAE72C71F917006E048F /* Protocol */ = {
			isa = PBXGroup;
			children = (
				01B7EAEA2C71F99D006E048F /* AuthViewProtocol.swift */,
				01B7EAE82C71F992006E048F /* AuthPresenterProtocol.swift */,
			);
			path = Protocol;
			sourceTree = "<group>";
		};
		01B7EAF42C738112006E048F /* Extension */ = {
			isa = PBXGroup;
			children = (
				01B7EAF52C738137006E048F /* UIColor+Extension.swift */,
				01AEEC362C77897100754E5E /* String+Extension.swift */,
			);
			path = Extension;
			sourceTree = "<group>";
		};
		01B7EAFE2C73BD45006E048F /* Healper */ = {
			isa = PBXGroup;
			children = (
				01B7EAF72C738512006E048F /* AppColor.swift */,
				01B7EAFF2C73BD6A006E048F /* AuthButton.swift */,
				01B7EB172C73CD83006E048F /* AppImage.swift */,
			);
			path = Healper;
			sourceTree = "<group>";
		};
		01B7EB012C73C10A006E048F /* Login */ = {
			isa = PBXGroup;
			children = (
				01B7EB052C73C136006E048F /* Protocol */,
				01B7EB042C73C132006E048F /* Model */,
				01B7EB032C73C12A006E048F /* View */,
				01B7EB022C73C125006E048F /* Presenter */,
			);
			path = Login;
			sourceTree = "<group>";
		};
		01B7EB022C73C125006E048F /* Presenter */ = {
			isa = PBXGroup;
			children = (
				01B7EB102C73C3E5006E048F /* LoginPresenter.swift */,
			);
			path = Presenter;
			sourceTree = "<group>";
		};
		01B7EB032C73C12A006E048F /* View */ = {
			isa = PBXGroup;
			children = (
				01B7EB0E2C73C3BC006E048F /* LoginViewController.swift */,
				01B7EB122C73C64A006E048F /* LoginView.swift */,
			);
			path = View;
			sourceTree = "<group>";
		};
		01B7EB042C73C132006E048F /* Model */ = {
			isa = PBXGroup;
			children = (
				01B7EB0C2C73C388006E048F /* LoginModel.swift */,
			);
			path = Model;
			sourceTree = "<group>";
		};
		01B7EB052C73C136006E048F /* Protocol */ = {
			isa = PBXGroup;
			children = (
				01B7EB0A2C73C378006E048F /* LoginModelProtocol.swift */,
				01B7EB082C73C338006E048F /* LoginViewProtocol.swift */,
				01B7EB062C73C2A6006E048F /* LoginPresenterProtocol.swift */,
			);
			path = Protocol;
			sourceTree = "<group>";
		};
		01B7EB142C73C8F5006E048F /* Builder */ = {
			isa = PBXGroup;
			children = (
				01B7EB152C73C918006E048F /* ViewBuilder.swift */,
			);
			path = Builder;
			sourceTree = "<group>";
		};
		01B7EB192C750674006E048F /* Registartion */ = {
			isa = PBXGroup;
			children = (
				01AEEC122C773FAA00754E5E /* EnterEmail */,
				01AEEC212C774A2600754E5E /* EnterPassword */,
				0100A2172C7900A600509ABC /* UserInfo */,
			);
			path = Registartion;
			sourceTree = "<group>";
		};
		01B7EB1A2C750694006E048F /* Presenter */ = {
			isa = PBXGroup;
			children = (
				01AEEC1D2C7740AF00754E5E /* EnterEmailPresenter.swift */,
			);
			path = Presenter;
			sourceTree = "<group>";
		};
		01B7EB1B2C75069B006E048F /* View */ = {
			isa = PBXGroup;
			children = (
				01AEEC1B2C77406A00754E5E /* EnterEmailViewController.swift */,
				01AEEC1F2C77413400754E5E /* EnterEmailView.swift */,
			);
			path = View;
			sourceTree = "<group>";
		};
		01B7EB1C2C75069F006E048F /* Model */ = {
			isa = PBXGroup;
			children = (
				01AEEC192C77404800754E5E /* EnterEmailModel.swift */,
			);
			path = Model;
			sourceTree = "<group>";
		};
		01B7EB1D2C7506A3006E048F /* Protocol */ = {
			isa = PBXGroup;
			children = (
				01AEEC172C77402900754E5E /* EnterEmailModelProtocol.swift */,
				01AEEC152C773FF900754E5E /* EnterEmailViewProtocol.swift */,
				01AEEC132C773FE000754E5E /* EnterEmailPresenterProtocol.swift */,
			);
			path = Protocol;
			sourceTree = "<group>";
		};
/* End PBXGroup section */

/* Begin PBXNativeTarget section */
		01B7EA922C6F3D42006E048F /* Messager */ = {
			isa = PBXNativeTarget;
			buildConfigurationList = 01B7EAA72C6F3D44006E048F /* Build configuration list for PBXNativeTarget "Messager" */;
			buildPhases = (
				01B7EA8F2C6F3D42006E048F /* Sources */,
				01B7EA902C6F3D42006E048F /* Frameworks */,
				01B7EA912C6F3D42006E048F /* Resources */,
			);
			buildRules = (
			);
			dependencies = (
			);
			name = Messager;
			packageProductDependencies = (
				01B7EADC2C6F6059006E048F /* Lottie */,
			);
			productName = Messager;
			productReference = 01B7EA932C6F3D42006E048F /* Messager.app */;
			productType = "com.apple.product-type.application";
		};
/* End PBXNativeTarget section */

/* Begin PBXProject section */
		01B7EA8B2C6F3D42006E048F /* Project object */ = {
			isa = PBXProject;
			attributes = {
				BuildIndependentTargetsInParallel = 1;
				LastSwiftUpdateCheck = 1540;
				LastUpgradeCheck = 1540;
				TargetAttributes = {
					01B7EA922C6F3D42006E048F = {
						CreatedOnToolsVersion = 15.4;
					};
				};
			};
			buildConfigurationList = 01B7EA8E2C6F3D42006E048F /* Build configuration list for PBXProject "Messager" */;
			compatibilityVersion = "Xcode 14.0";
			developmentRegion = en;
			hasScannedForEncodings = 0;
			knownRegions = (
				en,
				Base,
			);
			mainGroup = 01B7EA8A2C6F3D42006E048F;
			packageReferences = (
				01B7EADB2C6F6059006E048F /* XCRemoteSwiftPackageReference "lottie-ios" */,
			);
			productRefGroup = 01B7EA942C6F3D42006E048F /* Products */;
			projectDirPath = "";
			projectRoot = "";
			targets = (
				01B7EA922C6F3D42006E048F /* Messager */,
			);
		};
/* End PBXProject section */

/* Begin PBXResourcesBuildPhase section */
		01B7EA912C6F3D42006E048F /* Resources */ = {
			isa = PBXResourcesBuildPhase;
			buildActionMask = 2147483647;
			files = (
				01B7EAA02C6F3D44006E048F /* Assets.xcassets in Resources */,
				01B7EAA32C6F3D44006E048F /* Base in Resources */,
				01B7EADA2C6F5F09006E048F /* Splash.json in Resources */,
			);
			runOnlyForDeploymentPostprocessing = 0;
		};
/* End PBXResourcesBuildPhase section */

/* Begin PBXSourcesBuildPhase section */
		01B7EA8F2C6F3D42006E048F /* Sources */ = {
			isa = PBXSourcesBuildPhase;
			buildActionMask = 2147483647;
			files = (
				01AEEC332C774B2F00754E5E /* EnterPasswordPresenter.swift in Sources */,
				01AEEC292C774A9B00754E5E /* EnterPasswordViewProtocol.swift in Sources */,
				01B7EB0F2C73C3BC006E048F /* LoginViewController.swift in Sources */,
				01B7EB132C73C64A006E048F /* LoginView.swift in Sources */,
				0100A2252C79022300509ABC /* UserInfoModel.swift in Sources */,
				0100A22B2C79041300509ABC /* UserInfoView.swift in Sources */,
				0100A2292C79026200509ABC /* UserInfoPresenter.swift in Sources */,
				01B7EAF62C738137006E048F /* UIColor+Extension.swift in Sources */,
				01B7EAF32C71FA83006E048F /* AuthPresenter.swift in Sources */,
				01AEEC142C773FE000754E5E /* EnterEmailPresenterProtocol.swift in Sources */,
				01AEEC182C77402900754E5E /* EnterEmailModelProtocol.swift in Sources */,
				01AEEC202C77413400754E5E /* EnterEmailView.swift in Sources */,
				01B7EAEB2C71F99D006E048F /* AuthViewProtocol.swift in Sources */,
				01B7EACD2C6F52AA006E048F /* AppCoordinatorProtocol.swift in Sources */,
				01B7EADF2C6F6642006E048F /* FlowModuleProtocol.swift in Sources */,
				01AEEC372C77897100754E5E /* String+Extension.swift in Sources */,
				01B7EAE92C71F992006E048F /* AuthPresenterProtocol.swift in Sources */,
				01B7EB182C73CD83006E048F /* AppImage.swift in Sources */,
				01B7EB162C73C918006E048F /* ViewBuilder.swift in Sources */,
				01B7EAFD2C738CE7006E048F /* AuthView.swift in Sources */,
				01AEEC352C774BCC00754E5E /* EnterPasswordView.swift in Sources */,
				01B7EAD42C6F544B006E048F /* SplashPresenterProtocol.swift in Sources */,
				0100A2232C79019B00509ABC /* UserInfoPresenterProtocol.swift in Sources */,
				01AEEC1E2C7740AF00754E5E /* EnterEmailPresenter.swift in Sources */,
				01B7EB0B2C73C378006E048F /* LoginModelProtocol.swift in Sources */,
				01B7EAC62C6F4CC7006E048F /* SplashPresenter.swift in Sources */,
				01AEEC312C774B0B00754E5E /* EnterPasswordViewController.swift in Sources */,
				01B7EAF82C738512006E048F /* AppColor.swift in Sources */,
				01B7EB072C73C2A6006E048F /* LoginPresenterProtocol.swift in Sources */,
				01AEEC1C2C77406A00754E5E /* EnterEmailViewController.swift in Sources */,
				01B7EAE12C6F6D43006E048F /* AuthCoordinator.swift in Sources */,
				01B7EABE2C6F4A2A006E048F /* SplashCoordinator.swift in Sources */,
				01AEEC272C774A8B00754E5E /* EnterPasswordPresenterProtocol.swift in Sources */,
				0100A21F2C79016400509ABC /* UserInfoViewProtocol.swift in Sources */,
				01AEEC2D2C774AEC00754E5E /* EnterPasswordModel.swift in Sources */,
				01AEEC1A2C77404800754E5E /* EnterEmailModel.swift in Sources */,
				01B7EAD22C6F5428006E048F /* SplashViewProtocol.swift in Sources */,
				01B7EB112C73C3E5006E048F /* LoginPresenter.swift in Sources */,
				01B7EACB2C6F4DD8006E048F /* ModuleFactory.swift in Sources */,
				01B7EAB32C6F459F006E048F /* AppCoordinator.swift in Sources */,
				01B7EB092C73C338006E048F /* LoginViewProtocol.swift in Sources */,
				01B7EAC42C6F4C74006E048F /* SplashViewController.swift in Sources */,
				01B7EABC2C6F4914006E048F /* CoordinatorFactory.swift in Sources */,
				01AEEC162C773FF900754E5E /* EnterEmailViewProtocol.swift in Sources */,
				01B7EB002C73BD6A006E048F /* AuthButton.swift in Sources */,
				0100A2272C79023C00509ABC /* UserInfoViewController.swift in Sources */,
				0100A21D2C79014600509ABC /* UserInfoModelProtocol.swift in Sources */,
				01AEEC2B2C774AA800754E5E /* EnterPasswordModelProtocol.swift in Sources */,
				01B7EB0D2C73C388006E048F /* LoginModel.swift in Sources */,
				01B7EAB52C6F4617006E048F /* CoordinatorProtocol.swift in Sources */,
				01B7EA972C6F3D42006E048F /* AppDelegate.swift in Sources */,
				01B7EAF12C71FA37006E048F /* AuthViewController.swift in Sources */,
				01B7EA992C6F3D42006E048F /* SceneDelegate.swift in Sources */,
			);
			runOnlyForDeploymentPostprocessing = 0;
		};
/* End PBXSourcesBuildPhase section */

/* Begin PBXVariantGroup section */
		01B7EAA12C6F3D44006E048F /* LaunchScreen.storyboard */ = {
			isa = PBXVariantGroup;
			children = (
				01B7EAA22C6F3D44006E048F /* Base */,
			);
			name = LaunchScreen.storyboard;
			sourceTree = "<group>";
		};
/* End PBXVariantGroup section */

/* Begin XCBuildConfiguration section */
		01B7EAA52C6F3D44006E048F /* Debug */ = {
			isa = XCBuildConfiguration;
			buildSettings = {
				ALWAYS_SEARCH_USER_PATHS = NO;
				ASSETCATALOG_COMPILER_GENERATE_SWIFT_ASSET_SYMBOL_EXTENSIONS = YES;
				CLANG_ANALYZER_NONNULL = YES;
				CLANG_ANALYZER_NUMBER_OBJECT_CONVERSION = YES_AGGRESSIVE;
				CLANG_CXX_LANGUAGE_STANDARD = "gnu++20";
				CLANG_ENABLE_MODULES = YES;
				CLANG_ENABLE_OBJC_ARC = YES;
				CLANG_ENABLE_OBJC_WEAK = YES;
				CLANG_WARN_BLOCK_CAPTURE_AUTORELEASING = YES;
				CLANG_WARN_BOOL_CONVERSION = YES;
				CLANG_WARN_COMMA = YES;
				CLANG_WARN_CONSTANT_CONVERSION = YES;
				CLANG_WARN_DEPRECATED_OBJC_IMPLEMENTATIONS = YES;
				CLANG_WARN_DIRECT_OBJC_ISA_USAGE = YES_ERROR;
				CLANG_WARN_DOCUMENTATION_COMMENTS = YES;
				CLANG_WARN_EMPTY_BODY = YES;
				CLANG_WARN_ENUM_CONVERSION = YES;
				CLANG_WARN_INFINITE_RECURSION = YES;
				CLANG_WARN_INT_CONVERSION = YES;
				CLANG_WARN_NON_LITERAL_NULL_CONVERSION = YES;
				CLANG_WARN_OBJC_IMPLICIT_RETAIN_SELF = YES;
				CLANG_WARN_OBJC_LITERAL_CONVERSION = YES;
				CLANG_WARN_OBJC_ROOT_CLASS = YES_ERROR;
				CLANG_WARN_QUOTED_INCLUDE_IN_FRAMEWORK_HEADER = YES;
				CLANG_WARN_RANGE_LOOP_ANALYSIS = YES;
				CLANG_WARN_STRICT_PROTOTYPES = YES;
				CLANG_WARN_SUSPICIOUS_MOVE = YES;
				CLANG_WARN_UNGUARDED_AVAILABILITY = YES_AGGRESSIVE;
				CLANG_WARN_UNREACHABLE_CODE = YES;
				CLANG_WARN__DUPLICATE_METHOD_MATCH = YES;
				COPY_PHASE_STRIP = NO;
				DEBUG_INFORMATION_FORMAT = dwarf;
				ENABLE_STRICT_OBJC_MSGSEND = YES;
				ENABLE_TESTABILITY = YES;
				ENABLE_USER_SCRIPT_SANDBOXING = YES;
				GCC_C_LANGUAGE_STANDARD = gnu17;
				GCC_DYNAMIC_NO_PIC = NO;
				GCC_NO_COMMON_BLOCKS = YES;
				GCC_OPTIMIZATION_LEVEL = 0;
				GCC_PREPROCESSOR_DEFINITIONS = (
					"DEBUG=1",
					"$(inherited)",
				);
				GCC_WARN_64_TO_32_BIT_CONVERSION = YES;
				GCC_WARN_ABOUT_RETURN_TYPE = YES_ERROR;
				GCC_WARN_UNDECLARED_SELECTOR = YES;
				GCC_WARN_UNINITIALIZED_AUTOS = YES_AGGRESSIVE;
				GCC_WARN_UNUSED_FUNCTION = YES;
				GCC_WARN_UNUSED_VARIABLE = YES;
				IPHONEOS_DEPLOYMENT_TARGET = 17.5;
				LOCALIZATION_PREFERS_STRING_CATALOGS = YES;
				MTL_ENABLE_DEBUG_INFO = INCLUDE_SOURCE;
				MTL_FAST_MATH = YES;
				ONLY_ACTIVE_ARCH = YES;
				SDKROOT = iphoneos;
				SWIFT_ACTIVE_COMPILATION_CONDITIONS = "DEBUG $(inherited)";
				SWIFT_OPTIMIZATION_LEVEL = "-Onone";
			};
			name = Debug;
		};
		01B7EAA62C6F3D44006E048F /* Release */ = {
			isa = XCBuildConfiguration;
			buildSettings = {
				ALWAYS_SEARCH_USER_PATHS = NO;
				ASSETCATALOG_COMPILER_GENERATE_SWIFT_ASSET_SYMBOL_EXTENSIONS = YES;
				CLANG_ANALYZER_NONNULL = YES;
				CLANG_ANALYZER_NUMBER_OBJECT_CONVERSION = YES_AGGRESSIVE;
				CLANG_CXX_LANGUAGE_STANDARD = "gnu++20";
				CLANG_ENABLE_MODULES = YES;
				CLANG_ENABLE_OBJC_ARC = YES;
				CLANG_ENABLE_OBJC_WEAK = YES;
				CLANG_WARN_BLOCK_CAPTURE_AUTORELEASING = YES;
				CLANG_WARN_BOOL_CONVERSION = YES;
				CLANG_WARN_COMMA = YES;
				CLANG_WARN_CONSTANT_CONVERSION = YES;
				CLANG_WARN_DEPRECATED_OBJC_IMPLEMENTATIONS = YES;
				CLANG_WARN_DIRECT_OBJC_ISA_USAGE = YES_ERROR;
				CLANG_WARN_DOCUMENTATION_COMMENTS = YES;
				CLANG_WARN_EMPTY_BODY = YES;
				CLANG_WARN_ENUM_CONVERSION = YES;
				CLANG_WARN_INFINITE_RECURSION = YES;
				CLANG_WARN_INT_CONVERSION = YES;
				CLANG_WARN_NON_LITERAL_NULL_CONVERSION = YES;
				CLANG_WARN_OBJC_IMPLICIT_RETAIN_SELF = YES;
				CLANG_WARN_OBJC_LITERAL_CONVERSION = YES;
				CLANG_WARN_OBJC_ROOT_CLASS = YES_ERROR;
				CLANG_WARN_QUOTED_INCLUDE_IN_FRAMEWORK_HEADER = YES;
				CLANG_WARN_RANGE_LOOP_ANALYSIS = YES;
				CLANG_WARN_STRICT_PROTOTYPES = YES;
				CLANG_WARN_SUSPICIOUS_MOVE = YES;
				CLANG_WARN_UNGUARDED_AVAILABILITY = YES_AGGRESSIVE;
				CLANG_WARN_UNREACHABLE_CODE = YES;
				CLANG_WARN__DUPLICATE_METHOD_MATCH = YES;
				COPY_PHASE_STRIP = NO;
				DEBUG_INFORMATION_FORMAT = "dwarf-with-dsym";
				ENABLE_NS_ASSERTIONS = NO;
				ENABLE_STRICT_OBJC_MSGSEND = YES;
				ENABLE_USER_SCRIPT_SANDBOXING = YES;
				GCC_C_LANGUAGE_STANDARD = gnu17;
				GCC_NO_COMMON_BLOCKS = YES;
				GCC_WARN_64_TO_32_BIT_CONVERSION = YES;
				GCC_WARN_ABOUT_RETURN_TYPE = YES_ERROR;
				GCC_WARN_UNDECLARED_SELECTOR = YES;
				GCC_WARN_UNINITIALIZED_AUTOS = YES_AGGRESSIVE;
				GCC_WARN_UNUSED_FUNCTION = YES;
				GCC_WARN_UNUSED_VARIABLE = YES;
				IPHONEOS_DEPLOYMENT_TARGET = 17.5;
				LOCALIZATION_PREFERS_STRING_CATALOGS = YES;
				MTL_ENABLE_DEBUG_INFO = NO;
				MTL_FAST_MATH = YES;
				SDKROOT = iphoneos;
				SWIFT_COMPILATION_MODE = wholemodule;
				VALIDATE_PRODUCT = YES;
			};
			name = Release;
		};
		01B7EAA82C6F3D44006E048F /* Debug */ = {
			isa = XCBuildConfiguration;
			buildSettings = {
				ASSETCATALOG_COMPILER_APPICON_NAME = AppIcon;
				ASSETCATALOG_COMPILER_GLOBAL_ACCENT_COLOR_NAME = AccentColor;
				CODE_SIGN_STYLE = Automatic;
				CURRENT_PROJECT_VERSION = 1;
				DEVELOPMENT_TEAM = 57V9Y33D2J;
				GENERATE_INFOPLIST_FILE = YES;
				INFOPLIST_FILE = Messager/Resource/Info.plist;
				INFOPLIST_KEY_UIApplicationSupportsIndirectInputEvents = YES;
				INFOPLIST_KEY_UILaunchStoryboardName = LaunchScreen;
				INFOPLIST_KEY_UISupportedInterfaceOrientations_iPad = "UIInterfaceOrientationPortrait UIInterfaceOrientationPortraitUpsideDown UIInterfaceOrientationLandscapeLeft UIInterfaceOrientationLandscapeRight";
				INFOPLIST_KEY_UISupportedInterfaceOrientations_iPhone = "UIInterfaceOrientationPortrait UIInterfaceOrientationLandscapeLeft UIInterfaceOrientationLandscapeRight";
				LD_RUNPATH_SEARCH_PATHS = (
					"$(inherited)",
					"@executable_path/Frameworks",
				);
				MARKETING_VERSION = 1.0;
				PRODUCT_BUNDLE_IDENTIFIER = tms.by.Messager;
				PRODUCT_NAME = "$(TARGET_NAME)";
				SWIFT_EMIT_LOC_STRINGS = YES;
				SWIFT_VERSION = 5.0;
				TARGETED_DEVICE_FAMILY = "1,2";
			};
			name = Debug;
		};
		01B7EAA92C6F3D44006E048F /* Release */ = {
			isa = XCBuildConfiguration;
			buildSettings = {
				ASSETCATALOG_COMPILER_APPICON_NAME = AppIcon;
				ASSETCATALOG_COMPILER_GLOBAL_ACCENT_COLOR_NAME = AccentColor;
				CODE_SIGN_STYLE = Automatic;
				CURRENT_PROJECT_VERSION = 1;
				DEVELOPMENT_TEAM = 57V9Y33D2J;
				GENERATE_INFOPLIST_FILE = YES;
				INFOPLIST_FILE = Messager/Resource/Info.plist;
				INFOPLIST_KEY_UIApplicationSupportsIndirectInputEvents = YES;
				INFOPLIST_KEY_UILaunchStoryboardName = LaunchScreen;
				INFOPLIST_KEY_UISupportedInterfaceOrientations_iPad = "UIInterfaceOrientationPortrait UIInterfaceOrientationPortraitUpsideDown UIInterfaceOrientationLandscapeLeft UIInterfaceOrientationLandscapeRight";
				INFOPLIST_KEY_UISupportedInterfaceOrientations_iPhone = "UIInterfaceOrientationPortrait UIInterfaceOrientationLandscapeLeft UIInterfaceOrientationLandscapeRight";
				LD_RUNPATH_SEARCH_PATHS = (
					"$(inherited)",
					"@executable_path/Frameworks",
				);
				MARKETING_VERSION = 1.0;
				PRODUCT_BUNDLE_IDENTIFIER = tms.by.Messager;
				PRODUCT_NAME = "$(TARGET_NAME)";
				SWIFT_EMIT_LOC_STRINGS = YES;
				SWIFT_VERSION = 5.0;
				TARGETED_DEVICE_FAMILY = "1,2";
			};
			name = Release;
		};
/* End XCBuildConfiguration section */

/* Begin XCConfigurationList section */
		01B7EA8E2C6F3D42006E048F /* Build configuration list for PBXProject "Messager" */ = {
			isa = XCConfigurationList;
			buildConfigurations = (
				01B7EAA52C6F3D44006E048F /* Debug */,
				01B7EAA62C6F3D44006E048F /* Release */,
			);
			defaultConfigurationIsVisible = 0;
			defaultConfigurationName = Release;
		};
		01B7EAA72C6F3D44006E048F /* Build configuration list for PBXNativeTarget "Messager" */ = {
			isa = XCConfigurationList;
			buildConfigurations = (
				01B7EAA82C6F3D44006E048F /* Debug */,
				01B7EAA92C6F3D44006E048F /* Release */,
			);
			defaultConfigurationIsVisible = 0;
			defaultConfigurationName = Release;
		};
/* End XCConfigurationList section */

/* Begin XCRemoteSwiftPackageReference section */
		01B7EADB2C6F6059006E048F /* XCRemoteSwiftPackageReference "lottie-ios" */ = {
			isa = XCRemoteSwiftPackageReference;
			repositoryURL = "https://github.com/airbnb/lottie-ios";
			requirement = {
				kind = upToNextMajorVersion;
				minimumVersion = 4.5.0;
			};
		};
/* End XCRemoteSwiftPackageReference section */

/* Begin XCSwiftPackageProductDependency section */
		01B7EADC2C6F6059006E048F /* Lottie */ = {
			isa = XCSwiftPackageProductDependency;
			package = 01B7EADB2C6F6059006E048F /* XCRemoteSwiftPackageReference "lottie-ios" */;
			productName = Lottie;
		};
/* End XCSwiftPackageProductDependency section */
	};
	rootObject = 01B7EA8B2C6F3D42006E048F /* Project object */;
}
